{
  "nodes": {
    "nixpkgs": {
      "locked": {
        "lastModified": 1699291058,
        "narHash": "sha256-5ggduoaAMPHUy4riL+OrlAZE14Kh7JWX4oLEs22ZqfU=",
        "rev": "41de143fda10e33be0f47eab2bfe08a50f234267",
        "revCount": 492102,
        "type": "tarball",
        "url": "https://api.flakehub.com/f/pinned/NixOS/nixpkgs/0.2305.492102%2Brev-41de143fda10e33be0f47eab2bfe08a50f234267/018baa8d-4a5d-7b48-af86-bd62b1eabe58/source.tar.gz"
      },
      "original": {
        "type": "tarball",
        "url": "https://flakehub.com/f/NixOS/nixpkgs/%2A.tar.gz"
      }
    },
    "root": {
      "inputs": {
        "nixpkgs": "nixpkgs"
      }
    }
  },
  "root": "root",
  "version": 7
}
